
Microsoft Visual Studio Solution File, Format Version 12.00
# Visual Studio Version 17
VisualStudioVersion = 17.13.35931.197 d17.13
MinimumVisualStudioVersion = 10.0.40219.1
Project("{FAE04EC0-301F-11D3-BF4B-00C04F79EFBC}") = "Layers", "Layers.csproj", "{F2D48374-B681-4C42-BF51-2CCC744D48F9}"
EndProject
Global
	GlobalSection(SolutionConfigurationPlatforms) = preSolution
		Debug|Any CPU = Debug|Any CPU
		Release|Any CPU = Release|Any CPU
	EndGlobalSection
	GlobalSection(ProjectConfigurationPlatforms) = postSolution
		{F2D48374-B681-4C42-BF51-2CCC744D48F9}.Debug|Any CPU.ActiveCfg = Debug|Any CPU
		{F2D48374-B681-4C42-BF51-2CCC744D48F9}.Debug|Any CPU.Build.0 = Debug|Any CPU
		{F2D48374-B681-4C42-BF51-2CCC744D48F9}.Release|Any CPU.ActiveCfg = Release|Any CPU
		{F2D48374-B681-4C42-BF51-2CCC744D48F9}.Release|Any CPU.Build.0 = Release|Any CPU
	EndGlobalSection
	GlobalSection(SolutionProperties) = preSolution
		HideSolutionNode = FALSE
	EndGlobalSection
	GlobalSection(ExtensibilityGlobals) = postSolution
		SolutionGuid = {4B217C96-1B94-46B2-A5F7-B31F8FC95DCB}
	EndGlobalSection
EndGlobal
